
Microsoft Visual Studio Solution File, Format Version 12.00
# Visual Studio 15
Project("{FAE04EC0-301F-11D3-BF4B-00C04F79EFBC}") = "CardGames.Android", "CardGames.Android\CardGames.Android.csproj", "{C39EC0FF-45E7-471A-BF23-53D2AA2DEE79}"
EndProject
Project("{FAE04EC0-301F-11D3-BF4B-00C04F79EFBC}") = "CardGames.iOS", "CardGames.iOS\CardGames.iOS.csproj", "{77062E99-1A97-479F-B3C5-97BA1FA7815D}"
EndProject
Project("{FAE04EC0-301F-11D3-BF4B-00C04F79EFBC}") = "CardGames", "CardGames\CardGames.csproj", "{26369D27-C8AD-4585-B837-75DA9A5189D5}"
EndProject
Global
	GlobalSection(SolutionConfigurationPlatforms) = preSolution
		Debug|Any CPU = Debug|Any CPU
		Release|Any CPU = Release|Any CPU
		Debug|iPhoneSimulator = Debug|iPhoneSimulator
		Release|iPhoneSimulator = Release|iPhoneSimulator
		Debug|iPhone = Debug|iPhone
		Release|iPhone = Release|iPhone
		Ad-Hoc|iPhone = Ad-Hoc|iPhone
		AppStore|iPhone = AppStore|iPhone
	EndGlobalSection
	GlobalSection(ProjectConfigurationPlatforms) = postSolution
		{C39EC0FF-45E7-471A-BF23-53D2AA2DEE79}.Debug|Any CPU.ActiveCfg = Debug|Any CPU
		{C39EC0FF-45E7-471A-BF23-53D2AA2DEE79}.Debug|Any CPU.Build.0 = Debug|Any CPU
		{C39EC0FF-45E7-471A-BF23-53D2AA2DEE79}.Release|Any CPU.ActiveCfg = Release|Any CPU
		{C39EC0FF-45E7-471A-BF23-53D2AA2DEE79}.Release|Any CPU.Build.0 = Release|Any CPU
		{C39EC0FF-45E7-471A-BF23-53D2AA2DEE79}.Debug|iPhoneSimulator.ActiveCfg = Debug|Any CPU
		{C39EC0FF-45E7-471A-BF23-53D2AA2DEE79}.Debug|iPhoneSimulator.Build.0 = Debug|Any CPU
		{C39EC0FF-45E7-471A-BF23-53D2AA2DEE79}.Release|iPhoneSimulator.ActiveCfg = Release|Any CPU
		{C39EC0FF-45E7-471A-BF23-53D2AA2DEE79}.Release|iPhoneSimulator.Build.0 = Release|Any CPU
		{C39EC0FF-45E7-471A-BF23-53D2AA2DEE79}.Debug|iPhone.ActiveCfg = Debug|Any CPU
		{C39EC0FF-45E7-471A-BF23-53D2AA2DEE79}.Debug|iPhone.Build.0 = Debug|Any CPU
		{C39EC0FF-45E7-471A-BF23-53D2AA2DEE79}.Release|iPhone.ActiveCfg = Release|Any CPU
		{C39EC0FF-45E7-471A-BF23-53D2AA2DEE79}.Release|iPhone.Build.0 = Release|Any CPU
		{C39EC0FF-45E7-471A-BF23-53D2AA2DEE79}.Ad-Hoc|iPhone.ActiveCfg = Debug|Any CPU
		{C39EC0FF-45E7-471A-BF23-53D2AA2DEE79}.Ad-Hoc|iPhone.Build.0 = Debug|Any CPU
		{C39EC0FF-45E7-471A-BF23-53D2AA2DEE79}.AppStore|iPhone.ActiveCfg = Debug|Any CPU
		{C39EC0FF-45E7-471A-BF23-53D2AA2DEE79}.AppStore|iPhone.Build.0 = Debug|Any CPU
		{77062E99-1A97-479F-B3C5-97BA1FA7815D}.Debug|Any CPU.ActiveCfg = Debug|iPhoneSimulator
		{77062E99-1A97-479F-B3C5-97BA1FA7815D}.Debug|Any CPU.Build.0 = Debug|iPhoneSimulator
		{77062E99-1A97-479F-B3C5-97BA1FA7815D}.Release|Any CPU.ActiveCfg = Release|iPhoneSimulator
		{77062E99-1A97-479F-B3C5-97BA1FA7815D}.Release|Any CPU.Build.0 = Release|iPhoneSimulator
		{77062E99-1A97-479F-B3C5-97BA1FA7815D}.Debug|iPhoneSimulator.ActiveCfg = Debug|iPhoneSimulator
		{77062E99-1A97-479F-B3C5-97BA1FA7815D}.Debug|iPhoneSimulator.Build.0 = Debug|iPhoneSimulator
		{77062E99-1A97-479F-B3C5-97BA1FA7815D}.Release|iPhoneSimulator.ActiveCfg = Release|iPhoneSimulator
		{77062E99-1A97-479F-B3C5-97BA1FA7815D}.Release|iPhoneSimulator.Build.0 = Release|iPhoneSimulator
		{77062E99-1A97-479F-B3C5-97BA1FA7815D}.Debug|iPhone.ActiveCfg = Debug|iPhone
		{77062E99-1A97-479F-B3C5-97BA1FA7815D}.Debug|iPhone.Build.0 = Debug|iPhone
		{77062E99-1A97-479F-B3C5-97BA1FA7815D}.Release|iPhone.ActiveCfg = Release|iPhone
		{77062E99-1A97-479F-B3C5-97BA1FA7815D}.Release|iPhone.Build.0 = Release|iPhone
		{77062E99-1A97-479F-B3C5-97BA1FA7815D}.Ad-Hoc|iPhone.ActiveCfg = Ad-Hoc|iPhone
		{77062E99-1A97-479F-B3C5-97BA1FA7815D}.Ad-Hoc|iPhone.Build.0 = Ad-Hoc|iPhone
		{77062E99-1A97-479F-B3C5-97BA1FA7815D}.AppStore|iPhone.ActiveCfg = AppStore|iPhone
		{77062E99-1A97-479F-B3C5-97BA1FA7815D}.AppStore|iPhone.Build.0 = AppStore|iPhone
		{26369D27-C8AD-4585-B837-75DA9A5189D5}.Debug|Any CPU.ActiveCfg = Debug|Any CPU
		{26369D27-C8AD-4585-B837-75DA9A5189D5}.Debug|Any CPU.Build.0 = Debug|Any CPU
		{26369D27-C8AD-4585-B837-75DA9A5189D5}.Release|Any CPU.ActiveCfg = Release|Any CPU
		{26369D27-C8AD-4585-B837-75DA9A5189D5}.Release|Any CPU.Build.0 = Release|Any CPU
		{26369D27-C8AD-4585-B837-75DA9A5189D5}.Debug|iPhoneSimulator.ActiveCfg = Debug|Any CPU
		{26369D27-C8AD-4585-B837-75DA9A5189D5}.Debug|iPhoneSimulator.Build.0 = Debug|Any CPU
		{26369D27-C8AD-4585-B837-75DA9A5189D5}.Release|iPhoneSimulator.ActiveCfg = Release|Any CPU
		{26369D27-C8AD-4585-B837-75DA9A5189D5}.Release|iPhoneSimulator.Build.0 = Release|Any CPU
		{26369D27-C8AD-4585-B837-75DA9A5189D5}.Debug|iPhone.ActiveCfg = Debug|Any CPU
		{26369D27-C8AD-4585-B837-75DA9A5189D5}.Debug|iPhone.Build.0 = Debug|Any CPU
		{26369D27-C8AD-4585-B837-75DA9A5189D5}.Release|iPhone.ActiveCfg = Release|Any CPU
		{26369D27-C8AD-4585-B837-75DA9A5189D5}.Release|iPhone.Build.0 = Release|Any CPU
		{26369D27-C8AD-4585-B837-75DA9A5189D5}.Ad-Hoc|iPhone.ActiveCfg = Debug|Any CPU
		{26369D27-C8AD-4585-B837-75DA9A5189D5}.Ad-Hoc|iPhone.Build.0 = Debug|Any CPU
		{26369D27-C8AD-4585-B837-75DA9A5189D5}.AppStore|iPhone.ActiveCfg = Debug|Any CPU
		{26369D27-C8AD-4585-B837-75DA9A5189D5}.AppStore|iPhone.Build.0 = Debug|Any CPU
	EndGlobalSection
EndGlobal
